// !$*UTF8*$!
{
	archiveVersion = 1;
	classes = {
	};
	objectVersion = 54;
	objects = {

/* Begin PBXBuildFile section */
		0D816F5C27A6950C0055136C /* UIColor+Extension.swift in Sources */ = {isa = PBXBuildFile; fileRef = 0D816F5827A6950C0055136C /* UIColor+Extension.swift */; };
		0D816F5D27A6950C0055136C /* HideableViewModel.swift in Sources */ = {isa = PBXBuildFile; fileRef = 0D816F5927A6950C0055136C /* HideableViewModel.swift */; };
		0D816F5E27A6950C0055136C /* HideableView.swift in Sources */ = {isa = PBXBuildFile; fileRef = 0D816F5A27A6950C0055136C /* HideableView.swift */; };
		0D816F5F27A6950C0055136C /* Label+View.swift in Sources */ = {isa = PBXBuildFile; fileRef = 0D816F5B27A6950C0055136C /* Label+View.swift */; };
		0DE859C227A6987400A2DEF7 /* Main.storyboard in Resources */ = {isa = PBXBuildFile; fileRef = 0DE859BE27A6987400A2DEF7 /* Main.storyboard */; };
		0DE859C327A6987400A2DEF7 /* LaunchScreen.storyboard in Resources */ = {isa = PBXBuildFile; fileRef = 0DE859C027A6987400A2DEF7 /* LaunchScreen.storyboard */; };
		4638EF50B14199400F18CB83 /* Pods_AnimatableStackView_Example.framework in Frameworks */ = {isa = PBXBuildFile; fileRef = 45D5A42B965DE70B19C51138 /* Pods_AnimatableStackView_Example.framework */; };
		607FACD61AFB9204008FA782 /* AppDelegate.swift in Sources */ = {isa = PBXBuildFile; fileRef = 607FACD51AFB9204008FA782 /* AppDelegate.swift */; };
		607FACD81AFB9204008FA782 /* ViewController.swift in Sources */ = {isa = PBXBuildFile; fileRef = 607FACD71AFB9204008FA782 /* ViewController.swift */; };
		607FACDD1AFB9204008FA782 /* Images.xcassets in Resources */ = {isa = PBXBuildFile; fileRef = 607FACDC1AFB9204008FA782 /* Images.xcassets */; };
/* End PBXBuildFile section */

/* Begin PBXFileReference section */
		0D816F5827A6950C0055136C /* UIColor+Extension.swift */ = {isa = PBXFileReference; fileEncoding = 4; lastKnownFileType = sourcecode.swift; path = "UIColor+Extension.swift"; sourceTree = "<group>"; };
		0D816F5927A6950C0055136C /* HideableViewModel.swift */ = {isa = PBXFileReference; fileEncoding = 4; lastKnownFileType = sourcecode.swift; path = HideableViewModel.swift; sourceTree = "<group>"; };
		0D816F5A27A6950C0055136C /* HideableView.swift */ = {isa = PBXFileReference; fileEncoding = 4; lastKnownFileType = sourcecode.swift; path = HideableView.swift; sourceTree = "<group>"; };
		0D816F5B27A6950C0055136C /* Label+View.swift */ = {isa = PBXFileReference; fileEncoding = 4; lastKnownFileType = sourcecode.swift; path = "Label+View.swift"; sourceTree = "<group>"; };
		0DE859BF27A6987400A2DEF7 /* Base */ = {isa = PBXFileReference; lastKnownFileType = file.storyboard; name = Base; path = Base.lproj/Main.storyboard; sourceTree = "<group>"; };
		0DE859C127A6987400A2DEF7 /* Base */ = {isa = PBXFileReference; lastKnownFileType = file.storyboard; name = Base; path = Base.lproj/LaunchScreen.storyboard; sourceTree = "<group>"; };
		45D5A42B965DE70B19C51138 /* Pods_AnimatableStackView_Example.framework */ = {isa = PBXFileReference; explicitFileType = wrapper.framework; includeInIndex = 0; path = Pods_AnimatableStackView_Example.framework; sourceTree = BUILT_PRODUCTS_DIR; };
		51AD12C7CC26F84BD19E5F36 /* Pods-AnimatableStackView_Example.debug.xcconfig */ = {isa = PBXFileReference; includeInIndex = 1; lastKnownFileType = text.xcconfig; name = "Pods-AnimatableStackView_Example.debug.xcconfig"; path = "Target Support Files/Pods-AnimatableStackView_Example/Pods-AnimatableStackView_Example.debug.xcconfig"; sourceTree = "<group>"; };
		607FACD01AFB9204008FA782 /* AnimatableStackView_Example.app */ = {isa = PBXFileReference; explicitFileType = wrapper.application; includeInIndex = 0; path = AnimatableStackView_Example.app; sourceTree = BUILT_PRODUCTS_DIR; };
		607FACD41AFB9204008FA782 /* Info.plist */ = {isa = PBXFileReference; lastKnownFileType = text.plist.xml; path = Info.plist; sourceTree = "<group>"; };
		607FACD51AFB9204008FA782 /* AppDelegate.swift */ = {isa = PBXFileReference; lastKnownFileType = sourcecode.swift; path = AppDelegate.swift; sourceTree = "<group>"; };
		607FACD71AFB9204008FA782 /* ViewController.swift */ = {isa = PBXFileReference; lastKnownFileType = sourcecode.swift; path = ViewController.swift; sourceTree = "<group>"; };
		607FACDC1AFB9204008FA782 /* Images.xcassets */ = {isa = PBXFileReference; lastKnownFileType = folder.assetcatalog; path = Images.xcassets; sourceTree = "<group>"; };
		DB04990418B63A353F13A8CF /* Pods-AnimatableStackView_Example.release.xcconfig */ = {isa = PBXFileReference; includeInIndex = 1; lastKnownFileType = text.xcconfig; name = "Pods-AnimatableStackView_Example.release.xcconfig"; path = "Target Support Files/Pods-AnimatableStackView_Example/Pods-AnimatableStackView_Example.release.xcconfig"; sourceTree = "<group>"; };
		E20E88F82AAD73AA001AF3A7 /* AnimatableView.podspec */ = {isa = PBXFileReference; lastKnownFileType = text; name = AnimatableView.podspec; path = ../AnimatableView.podspec; sourceTree = "<group>"; xcLanguageSpecificationIdentifier = xcode.lang.ruby; };
		E2B8F74F2AF4188E00927967 /* DEPLOY PROCESS.md */ = {isa = PBXFileReference; lastKnownFileType = net.daringfireball.markdown; name = "DEPLOY PROCESS.md"; path = "../DEPLOY PROCESS.md"; sourceTree = "<group>"; };
		E2B8F7502AF4189900927967 /* CHANGELOG.md */ = {isa = PBXFileReference; lastKnownFileType = net.daringfireball.markdown; name = CHANGELOG.md; path = ../CHANGELOG.md; sourceTree = "<group>"; };
		E2B8F7512AF418C300927967 /* README.md */ = {isa = PBXFileReference; lastKnownFileType = net.daringfireball.markdown; name = README.md; path = ../README.md; sourceTree = "<group>"; };
		E2B8F7522AF41C0B00927967 /* checkBuild.command */ = {isa = PBXFileReference; lastKnownFileType = text.script.sh; name = checkBuild.command; path = ../checkBuild.command; sourceTree = "<group>"; };
		E2B8F7532AF41C8700927967 /* Package.swift */ = {isa = PBXFileReference; lastKnownFileType = sourcecode.swift; name = Package.swift; path = ../Package.swift; sourceTree = "<group>"; };
		E2B8F7542AF421BD00927967 /* podPush.command */ = {isa = PBXFileReference; lastKnownFileType = text.script.sh; name = podPush.command; path = ../podPush.command; sourceTree = "<group>"; };
/* End PBXFileReference section */

/* Begin PBXFrameworksBuildPhase section */
		607FACCD1AFB9204008FA782 /* Frameworks */ = {
			isa = PBXFrameworksBuildPhase;
			buildActionMask = 2147483647;
			files = (
				4638EF50B14199400F18CB83 /* Pods_AnimatableStackView_Example.framework in Frameworks */,
			);
			runOnlyForDeploymentPostprocessing = 0;
		};
/* End PBXFrameworksBuildPhase section */

/* Begin PBXGroup section */
		0D816F5727A6950C0055136C /* Extensions */ = {
			isa = PBXGroup;
			children = (
				0D816F5827A6950C0055136C /* UIColor+Extension.swift */,
			);
			path = Extensions;
			sourceTree = "<group>";
		};
		607FACC71AFB9204008FA782 = {
			isa = PBXGroup;
			children = (
				607FACF51AFB993E008FA782 /* _ */,
				607FACD21AFB9204008FA782 /* Example for AnimatableView */,
				607FACD11AFB9204008FA782 /* Products */,
				860F5F092EBFFB247359AD6E /* Pods */,
				98B671FDC656995ED5AB7F2B /* Frameworks */,
			);
			sourceTree = "<group>";
		};
		607FACD11AFB9204008FA782 /* Products */ = {
			isa = PBXGroup;
			children = (
				607FACD01AFB9204008FA782 /* AnimatableStackView_Example.app */,
			);
			name = Products;
			sourceTree = "<group>";
		};
		607FACD21AFB9204008FA782 /* Example for AnimatableView */ = {
			isa = PBXGroup;
			children = (
				B06688E51F13EAB800A02878 /* _Gifs */,
				B06688E41F13EAB300A02878 /* _Images */,
				607FACD31AFB9204008FA782 /* _Supporting Files */,
				607FACD51AFB9204008FA782 /* AppDelegate.swift */,
				0D816F5727A6950C0055136C /* Extensions */,
				0D816F5A27A6950C0055136C /* HideableView.swift */,
				0D816F5927A6950C0055136C /* HideableViewModel.swift */,
				607FACDC1AFB9204008FA782 /* Images.xcassets */,
				0D816F5B27A6950C0055136C /* Label+View.swift */,
				607FACD71AFB9204008FA782 /* ViewController.swift */,
				0DE859C027A6987400A2DEF7 /* LaunchScreen.storyboard */,
				0DE859BE27A6987400A2DEF7 /* Main.storyboard */,
			);
			name = "Example for AnimatableView";
			path = AnimatableStackView;
			sourceTree = "<group>";
		};
		607FACD31AFB9204008FA782 /* _Supporting Files */ = {
			isa = PBXGroup;
			children = (
				607FACD41AFB9204008FA782 /* Info.plist */,
			);
			name = "_Supporting Files";
			sourceTree = "<group>";
		};
		607FACF51AFB993E008FA782 /* _ */ = {
			isa = PBXGroup;
			children = (
				E20E88F82AAD73AA001AF3A7 /* AnimatableView.podspec */,
				E2B8F7502AF4189900927967 /* CHANGELOG.md */,
				E2B8F7522AF41C0B00927967 /* checkBuild.command */,
				E2B8F74F2AF4188E00927967 /* DEPLOY PROCESS.md */,
				E2B8F7532AF41C8700927967 /* Package.swift */,
				E2B8F7512AF418C300927967 /* README.md */,
				E2B8F7542AF421BD00927967 /* podPush.command */,
			);
			name = _;
			sourceTree = "<group>";
		};
		860F5F092EBFFB247359AD6E /* Pods */ = {
			isa = PBXGroup;
			children = (
				51AD12C7CC26F84BD19E5F36 /* Pods-AnimatableStackView_Example.debug.xcconfig */,
				DB04990418B63A353F13A8CF /* Pods-AnimatableStackView_Example.release.xcconfig */,
			);
			path = Pods;
			sourceTree = "<group>";
		};
		98B671FDC656995ED5AB7F2B /* Frameworks */ = {
			isa = PBXGroup;
			children = (
				45D5A42B965DE70B19C51138 /* Pods_AnimatableStackView_Example.framework */,
			);
			name = Frameworks;
			sourceTree = "<group>";
		};
		B06688E41F13EAB300A02878 /* _Images */ = {
			isa = PBXGroup;
			children = (
			);
			name = _Images;
			sourceTree = "<group>";
		};
		B06688E51F13EAB800A02878 /* _Gifs */ = {
			isa = PBXGroup;
			children = (
			);
			name = _Gifs;
			sourceTree = "<group>";
		};
/* End PBXGroup section */

/* Begin PBXNativeTarget section */
		607FACCF1AFB9204008FA782 /* AnimatableStackView_Example */ = {
			isa = PBXNativeTarget;
			buildConfigurationList = 607FACEF1AFB9204008FA782 /* Build configuration list for PBXNativeTarget "AnimatableStackView_Example" */;
			buildPhases = (
				C742B2EDEC7CC72F75286BA8 /* [CP] Check Pods Manifest.lock */,
				607FACCC1AFB9204008FA782 /* Sources */,
				607FACCD1AFB9204008FA782 /* Frameworks */,
				607FACCE1AFB9204008FA782 /* Resources */,
				5288FC3D66EB7A15A7DFE7AD /* [CP] Embed Pods Frameworks */,
			);
			buildRules = (
			);
			dependencies = (
			);
			name = AnimatableStackView_Example;
			productName = AnimatableStackView;
			productReference = 607FACD01AFB9204008FA782 /* AnimatableStackView_Example.app */;
			productType = "com.apple.product-type.application";
		};
/* End PBXNativeTarget section */

/* Begin PBXProject section */
		607FACC81AFB9204008FA782 /* Project object */ = {
			isa = PBXProject;
			attributes = {
				BuildIndependentTargetsInParallel = YES;
				LastSwiftUpdateCheck = 0720;
				LastUpgradeCheck = 1500;
				ORGANIZATIONNAME = CocoaPods;
				TargetAttributes = {
					607FACCF1AFB9204008FA782 = {
						CreatedOnToolsVersion = 6.3.1;
						LastSwiftMigration = 0820;
						ProvisioningStyle = Manual;
					};
				};
			};
			buildConfigurationList = 607FACCB1AFB9204008FA782 /* Build configuration list for PBXProject "AnimatableStackView" */;
			compatibilityVersion = "Xcode 3.2";
			developmentRegion = en;
			hasScannedForEncodings = 0;
			knownRegions = (
				en,
				Base,
			);
			mainGroup = 607FACC71AFB9204008FA782;
			productRefGroup = 607FACD11AFB9204008FA782 /* Products */;
			projectDirPath = "";
			projectRoot = "";
			targets = (
				607FACCF1AFB9204008FA782 /* AnimatableStackView_Example */,
			);
		};
/* End PBXProject section */

/* Begin PBXResourcesBuildPhase section */
		607FACCE1AFB9204008FA782 /* Resources */ = {
			isa = PBXResourcesBuildPhase;
			buildActionMask = 2147483647;
			files = (
				0DE859C327A6987400A2DEF7 /* LaunchScreen.storyboard in Resources */,
				607FACDD1AFB9204008FA782 /* Images.xcassets in Resources */,
				0DE859C227A6987400A2DEF7 /* Main.storyboard in Resources */,
			);
			runOnlyForDeploymentPostprocessing = 0;
		};
/* End PBXResourcesBuildPhase section */

/* Begin PBXShellScriptBuildPhase section */
		5288FC3D66EB7A15A7DFE7AD /* [CP] Embed Pods Frameworks */ = {
			isa = PBXShellScriptBuildPhase;
			buildActionMask = 2147483647;
			files = (
			);
			inputPaths = (
				"${PODS_ROOT}/Target Support Files/Pods-AnimatableStackView_Example/Pods-AnimatableStackView_Example-frameworks.sh",
				"${BUILT_PRODUCTS_DIR}/APExtensions/APExtensions.framework",
				"${BUILT_PRODUCTS_DIR}/AnimatableView/AnimatableView.framework",
				"${BUILT_PRODUCTS_DIR}/RoutableLogger/RoutableLogger.framework",
			);
			name = "[CP] Embed Pods Frameworks";
			outputPaths = (
				"${TARGET_BUILD_DIR}/${FRAMEWORKS_FOLDER_PATH}/APExtensions.framework",
				"${TARGET_BUILD_DIR}/${FRAMEWORKS_FOLDER_PATH}/AnimatableView.framework",
				"${TARGET_BUILD_DIR}/${FRAMEWORKS_FOLDER_PATH}/RoutableLogger.framework",
			);
			runOnlyForDeploymentPostprocessing = 0;
			shellPath = /bin/sh;
			shellScript = "\"${PODS_ROOT}/Target Support Files/Pods-AnimatableStackView_Example/Pods-AnimatableStackView_Example-frameworks.sh\"\n";
			showEnvVarsInLog = 0;
		};
		C742B2EDEC7CC72F75286BA8 /* [CP] Check Pods Manifest.lock */ = {
			isa = PBXShellScriptBuildPhase;
			buildActionMask = 2147483647;
			files = (
			);
			inputFileListPaths = (
			);
			inputPaths = (
				"${PODS_PODFILE_DIR_PATH}/Podfile.lock",
				"${PODS_ROOT}/Manifest.lock",
			);
			name = "[CP] Check Pods Manifest.lock";
			outputFileListPaths = (
			);
			outputPaths = (
				"$(DERIVED_FILE_DIR)/Pods-AnimatableStackView_Example-checkManifestLockResult.txt",
			);
			runOnlyForDeploymentPostprocessing = 0;
			shellPath = /bin/sh;
			shellScript = "diff \"${PODS_PODFILE_DIR_PATH}/Podfile.lock\" \"${PODS_ROOT}/Manifest.lock\" > /dev/null\nif [ $? != 0 ] ; then\n    # print error to STDERR\n    echo \"error: The sandbox is not in sync with the Podfile.lock. Run 'pod install' or update your CocoaPods installation.\" >&2\n    exit 1\nfi\n# This output is used by Xcode 'outputs' to avoid re-running this script phase.\necho \"SUCCESS\" > \"${SCRIPT_OUTPUT_FILE_0}\"\n";
			showEnvVarsInLog = 0;
		};
/* End PBXShellScriptBuildPhase section */

/* Begin PBXSourcesBuildPhase section */
		607FACCC1AFB9204008FA782 /* Sources */ = {
			isa = PBXSourcesBuildPhase;
			buildActionMask = 2147483647;
			files = (
				0D816F5D27A6950C0055136C /* HideableViewModel.swift in Sources */,
				0D816F5F27A6950C0055136C /* Label+View.swift in Sources */,
				0D816F5C27A6950C0055136C /* UIColor+Extension.swift in Sources */,
				607FACD81AFB9204008FA782 /* ViewController.swift in Sources */,
				0D816F5E27A6950C0055136C /* HideableView.swift in Sources */,
				607FACD61AFB9204008FA782 /* AppDelegate.swift in Sources */,
			);
			runOnlyForDeploymentPostprocessing = 0;
		};
/* End PBXSourcesBuildPhase section */

/* Begin PBXVariantGroup section */
		0DE859BE27A6987400A2DEF7 /* Main.storyboard */ = {
			isa = PBXVariantGroup;
			children = (
				0DE859BF27A6987400A2DEF7 /* Base */,
			);
			name = Main.storyboard;
			sourceTree = "<group>";
		};
		0DE859C027A6987400A2DEF7 /* LaunchScreen.storyboard */ = {
			isa = PBXVariantGroup;
			children = (
				0DE859C127A6987400A2DEF7 /* Base */,
			);
			name = LaunchScreen.storyboard;
			sourceTree = "<group>";
		};
/* End PBXVariantGroup section */

/* Begin XCBuildConfiguration section */
		607FACED1AFB9204008FA782 /* Debug */ = {
			isa = XCBuildConfiguration;
			buildSettings = {
				ALWAYS_SEARCH_USER_PATHS = NO;
				CLANG_ANALYZER_LOCALIZABILITY_NONLOCALIZED = YES;
				CLANG_CXX_LANGUAGE_STANDARD = "gnu++0x";
				CLANG_CXX_LIBRARY = "libc++";
				CLANG_ENABLE_MODULES = YES;
				CLANG_ENABLE_OBJC_ARC = YES;
				CLANG_WARN_BLOCK_CAPTURE_AUTORELEASING = YES;
				CLANG_WARN_BOOL_CONVERSION = YES;
				CLANG_WARN_COMMA = YES;
				CLANG_WARN_CONSTANT_CONVERSION = YES;
				CLANG_WARN_DEPRECATED_OBJC_IMPLEMENTATIONS = YES;
				CLANG_WARN_DIRECT_OBJC_ISA_USAGE = YES_ERROR;
				CLANG_WARN_EMPTY_BODY = YES;
				CLANG_WARN_ENUM_CONVERSION = YES;
				CLANG_WARN_INFINITE_RECURSION = YES;
				CLANG_WARN_INT_CONVERSION = YES;
				CLANG_WARN_NON_LITERAL_NULL_CONVERSION = YES;
				CLANG_WARN_OBJC_IMPLICIT_RETAIN_SELF = YES;
				CLANG_WARN_OBJC_LITERAL_CONVERSION = YES;
				CLANG_WARN_OBJC_ROOT_CLASS = YES_ERROR;
				CLANG_WARN_QUOTED_INCLUDE_IN_FRAMEWORK_HEADER = YES;
				CLANG_WARN_RANGE_LOOP_ANALYSIS = YES;
				CLANG_WARN_STRICT_PROTOTYPES = YES;
				CLANG_WARN_SUSPICIOUS_MOVE = YES;
				CLANG_WARN_UNREACHABLE_CODE = YES;
				CLANG_WARN__DUPLICATE_METHOD_MATCH = YES;
				"CODE_SIGN_IDENTITY[sdk=iphoneos*]" = "iPhone Developer";
				COPY_PHASE_STRIP = NO;
				DEBUG_INFORMATION_FORMAT = dwarf;
				ENABLE_STRICT_OBJC_MSGSEND = YES;
				ENABLE_TESTABILITY = YES;
				GCC_C_LANGUAGE_STANDARD = gnu99;
				GCC_DYNAMIC_NO_PIC = NO;
				GCC_NO_COMMON_BLOCKS = YES;
				GCC_OPTIMIZATION_LEVEL = 0;
				GCC_PREPROCESSOR_DEFINITIONS = (
					"DEBUG=1",
					"$(inherited)",
				);
				GCC_SYMBOLS_PRIVATE_EXTERN = NO;
				GCC_WARN_64_TO_32_BIT_CONVERSION = YES;
				GCC_WARN_ABOUT_RETURN_TYPE = YES_ERROR;
				GCC_WARN_UNDECLARED_SELECTOR = YES;
				GCC_WARN_UNINITIALIZED_AUTOS = YES_AGGRESSIVE;
				GCC_WARN_UNUSED_FUNCTION = YES;
				GCC_WARN_UNUSED_VARIABLE = YES;
				IPHONEOS_DEPLOYMENT_TARGET = 12.0;
				MTL_ENABLE_DEBUG_INFO = YES;
				ONLY_ACTIVE_ARCH = YES;
				SDKROOT = iphoneos;
				SWIFT_OPTIMIZATION_LEVEL = "-Onone";
				SWIFT_VERSION = 5.0;
			};
			name = Debug;
		};
		607FACEE1AFB9204008FA782 /* Release */ = {
			isa = XCBuildConfiguration;
			buildSettings = {
				ALWAYS_SEARCH_USER_PATHS = NO;
				CLANG_ANALYZER_LOCALIZABILITY_NONLOCALIZED = YES;
				CLANG_CXX_LANGUAGE_STANDARD = "gnu++0x";
				CLANG_CXX_LIBRARY = "libc++";
				CLANG_ENABLE_MODULES = YES;
				CLANG_ENABLE_OBJC_ARC = YES;
				CLANG_WARN_BLOCK_CAPTURE_AUTORELEASING = YES;
				CLANG_WARN_BOOL_CONVERSION = YES;
				CLANG_WARN_COMMA = YES;
				CLANG_WARN_CONSTANT_CONVERSION = YES;
				CLANG_WARN_DEPRECATED_OBJC_IMPLEMENTATIONS = YES;
				CLANG_WARN_DIRECT_OBJC_ISA_USAGE = YES_ERROR;
				CLANG_WARN_EMPTY_BODY = YES;
				CLANG_WARN_ENUM_CONVERSION = YES;
				CLANG_WARN_INFINITE_RECURSION = YES;
				CLANG_WARN_INT_CONVERSION = YES;
				CLANG_WARN_NON_LITERAL_NULL_CONVERSION = YES;
				CLANG_WARN_OBJC_IMPLICIT_RETAIN_SELF = YES;
				CLANG_WARN_OBJC_LITERAL_CONVERSION = YES;
				CLANG_WARN_OBJC_ROOT_CLASS = YES_ERROR;
				CLANG_WARN_QUOTED_INCLUDE_IN_FRAMEWORK_HEADER = YES;
				CLANG_WARN_RANGE_LOOP_ANALYSIS = YES;
				CLANG_WARN_STRICT_PROTOTYPES = YES;
				CLANG_WARN_SUSPICIOUS_MOVE = YES;
				CLANG_WARN_UNREACHABLE_CODE = YES;
				CLANG_WARN__DUPLICATE_METHOD_MATCH = YES;
				"CODE_SIGN_IDENTITY[sdk=iphoneos*]" = "iPhone Developer";
				COPY_PHASE_STRIP = NO;
				DEBUG_INFORMATION_FORMAT = "dwarf-with-dsym";
				ENABLE_NS_ASSERTIONS = NO;
				ENABLE_STRICT_OBJC_MSGSEND = YES;
				GCC_C_LANGUAGE_STANDARD = gnu99;
				GCC_NO_COMMON_BLOCKS = YES;
				GCC_WARN_64_TO_32_BIT_CONVERSION = YES;
				GCC_WARN_ABOUT_RETURN_TYPE = YES_ERROR;
				GCC_WARN_UNDECLARED_SELECTOR = YES;
				GCC_WARN_UNINITIALIZED_AUTOS = YES_AGGRESSIVE;
				GCC_WARN_UNUSED_FUNCTION = YES;
				GCC_WARN_UNUSED_VARIABLE = YES;
				IPHONEOS_DEPLOYMENT_TARGET = 12.0;
				MTL_ENABLE_DEBUG_INFO = NO;
				SDKROOT = iphoneos;
				SWIFT_COMPILATION_MODE = wholemodule;
				SWIFT_OPTIMIZATION_LEVEL = "-O";
				SWIFT_VERSION = 5.0;
				VALIDATE_PRODUCT = YES;
			};
			name = Release;
		};
		607FACF01AFB9204008FA782 /* Debug */ = {
			isa = XCBuildConfiguration;
			baseConfigurationReference = 51AD12C7CC26F84BD19E5F36 /* Pods-AnimatableStackView_Example.debug.xcconfig */;
			buildSettings = {
				ASSETCATALOG_COMPILER_APPICON_NAME = AppIcon;
				CODE_SIGN_STYLE = Manual;
				CURRENT_PROJECT_VERSION = 2;
				DEVELOPMENT_TEAM = "";
				INFOPLIST_FILE = AnimatableStackView/Info.plist;
				IPHONEOS_DEPLOYMENT_TARGET = 12.0;
				LD_RUNPATH_SEARCH_PATHS = (
					"$(inherited)",
					"@executable_path/Frameworks",
				);
				MODULE_NAME = ExampleApp;
				PRODUCT_BUNDLE_IDENTIFIER = "com.anton-plebanovich.AnimatableStackView-Example";
				PRODUCT_NAME = "$(TARGET_NAME)";
				PROVISIONING_PROFILE_SPECIFIER = "";
			};
			name = Debug;
		};
		607FACF11AFB9204008FA782 /* Release */ = {
			isa = XCBuildConfiguration;
			baseConfigurationReference = DB04990418B63A353F13A8CF /* Pods-AnimatableStackView_Example.release.xcconfig */;
			buildSettings = {
				ASSETCATALOG_COMPILER_APPICON_NAME = AppIcon;
				CODE_SIGN_STYLE = Manual;
				CURRENT_PROJECT_VERSION = 2;
				DEVELOPMENT_TEAM = "";
				INFOPLIST_FILE = AnimatableStackView/Info.plist;
				IPHONEOS_DEPLOYMENT_TARGET = 12.0;
				LD_RUNPATH_SEARCH_PATHS = (
					"$(inherited)",
					"@executable_path/Frameworks",
				);
				MODULE_NAME = ExampleApp;
				PRODUCT_BUNDLE_IDENTIFIER = "com.anton-plebanovich.AnimatableStackView-Example";
				PRODUCT_NAME = "$(TARGET_NAME)";
				PROVISIONING_PROFILE_SPECIFIER = "";
			};
			name = Release;
		};
/* End XCBuildConfiguration section */

/* Begin XCConfigurationList section */
		607FACCB1AFB9204008FA782 /* Build configuration list for PBXProject "AnimatableStackView" */ = {
			isa = XCConfigurationList;
			buildConfigurations = (
				607FACED1AFB9204008FA782 /* Debug */,
				607FACEE1AFB9204008FA782 /* Release */,
			);
			defaultConfigurationIsVisible = 0;
			defaultConfigurationName = Release;
		};
		607FACEF1AFB9204008FA782 /* Build configuration list for PBXNativeTarget "AnimatableStackView_Example" */ = {
			isa = XCConfigurationList;
			buildConfigurations = (
				607FACF01AFB9204008FA782 /* Debug */,
				607FACF11AFB9204008FA782 /* Release */,
			);
			defaultConfigurationIsVisible = 0;
			defaultConfigurationName = Release;
		};
/* End XCConfigurationList section */
	};
	rootObject = 607FACC81AFB9204008FA782 /* Project object */;
}
