PODS:
  - AnimatableView (6.0.0):
    - RoutableLogger
  - APExtensions (14.0.1):
    - APExtensions/Core (= 14.0.1)
    - APExtensions/Storyboard (= 14.0.1)
    - APExtensions/ViewModel (= 14.0.1)
  - APExtensions/Core (14.0.1):
    - RoutableLogger
  - APExtensions/Storyboard (14.0.1):
    - RoutableLogger
  - APExtensions/ViewModel (14.0.1)
  - RoutableLogger (12.3.3)

DEPENDENCIES:
  - AnimatableView (from `../`)
  - APExtensions

SPEC REPOS:
  trunk:
    - APExtensions
    - RoutableLogger

EXTERNAL SOURCES:
  AnimatableView:
    :path: "../"

SPEC CHECKSUMS:
  AnimatableView: ce8633183c219ee46ff073597c9bddb2d716d41f
  APExtensions: cbc845eab2425fbbb80e6eaee8d51425bda42e5e
  RoutableLogger: ff5425f9ec26ec79241a591a1ed16a7a69d70b2f

PODFILE CHECKSUM: 035e9a6c227edd5e799d807ccd4237afb1042f37

COCOAPODS: 1.13.0
