PODS:
  - AnimatableView (6.0.2):
    - RoutableLogger
  - APExtensions (14.2.0):
    - APExtensions/Core (= 14.2.0)
    - APExtensions/Dispatch (= 14.2.0)
    - APExtensions/Occupiable (= 14.2.0)
    - APExtensions/OptionalType (= 14.2.0)
    - APExtensions/Storyboard (= 14.2.0)
    - APExtensions/ViewModel (= 14.2.0)
  - APExtensions/Core (14.2.0):
    - RoutableLogger
  - APExtensions/Dispatch (14.2.0):
    - RoutableLogger
  - APExtensions/Occupiable (14.2.0)
  - APExtensions/OptionalType (14.2.0)
  - APExtensions/Storyboard (14.2.0):
    - RoutableLogger
  - APExtensions/ViewModel (14.2.0)
  - RoutableLogger (12.3.3)

DEPENDENCIES:
  - AnimatableView (from `../`)
  - APExtensions

SPEC REPOS:
  trunk:
    - APExtensions
    - RoutableLogger

EXTERNAL SOURCES:
  AnimatableView:
    :path: "../"

SPEC CHECKSUMS:
  AnimatableView: 5b64eaf282d742baf5e9401841cdb35d89d15fe8
  APExtensions: c91c6e186ace20b0955607aed7dfae912e8c840f
  RoutableLogger: ff5425f9ec26ec79241a591a1ed16a7a69d70b2f

PODFILE CHECKSUM: 035e9a6c227edd5e799d807ccd4237afb1042f37

COCOAPODS: 1.15.2
